annotated-types==0.7.0
anyio==4.13.0
asgiref==3.11.1
asttokens==3.0.1
attrs==26.1.0
certifi==2026.5.20
cffi==2.0.0
charset-normalizer==3.4.7
click==8.4.1
covdefaults==2.3.0
coverage==7.14.1
cryptography==48.0.0
dirty-equals==0.11
Django==5.2.15
django-csp==4.0
-e git+https://github.com/wemake-services/django-modern-rest.git@6a107c4e4d1e9d4bbdea2347b1e23a856b65a19f#egg=django_modern_rest
dnspython==2.8.0
email-validator==2.3.0
executing==2.2.1
Faker==40.21.0
freezegun==1.5.5
graphql-core==3.2.8
h11==0.16.0
harfile==0.5.0
httpcore==1.0.9
httpx==0.28.1
hypothesis==6.155.1
hypothesis-graphql==0.13.0
hypothesis-jsonschema==0.23.1
idna==3.18
iniconfig==2.3.0
inline-snapshot==0.33.0
jsonschema==4.26.0
jsonschema-path==0.5.0
jsonschema-specifications==2025.9.1
jsonschema_rs==0.46.5
junit-xml==1.9
lazy-object-proxy==1.12.0
markdown-it-py==4.2.0
MarkupSafe==3.0.3
mdurl==0.1.2
msgspec==0.21.1
openapi-schema-validator==0.9.0
openapi-spec-validator==0.9.0
orjson==3.11.9
packaging==26.2
pathable==0.6.0
phonenumbers==9.0.31
pluggy==1.6.0
polyfactory==3.3.0
punq==0.7.0
pycparser==3.0
pydantic==2.13.4
pydantic-extra-types==2.11.1
pydantic-settings==2.14.1
pydantic_core==2.46.4
Pygments==2.20.0
PyJWT==2.13.0
pyrate-limiter==4.2.0
pytest==9.0.3
pytest-asyncio==1.4.0
pytest-codspeed==5.0.3
pytest-cov==7.1.0
pytest-custom-exit-code==0.3.0
pytest-django==4.12.0
pytest-randomly==4.1.0
pytest_freezer==0.4.9
python-dateutil==2.9.0.post0
python-dotenv==1.2.2
PyYAML==6.0.3
redis==7.4.0
referencing==0.37.0
requests==2.34.2
rfc3339-validator==0.1.4
rich==15.0.0
rpds-py==2026.5.1
schemathesis==4.21.0
six==1.17.0
sortedcontainers==2.4.0
sqlparse==0.5.5
starlette==1.2.1
starlette-testclient==0.4.1
syrupy==5.3.1
tenacity==9.1.4
tracecov==0.21.0
tracecov-community==0.21.0
typing-inspection==0.4.2
typing_extensions==4.15.0
urllib3==2.7.0
Werkzeug==3.1.8
xmltodict-rs==0.13.9
